// !$*UTF8*$!
{
	archiveVersion = 1;
	classes = {
	};
	objectVersion = 50;
	objects = {

/* Begin PBXBuildFile section */
		593944DB2444537E004EA854 /* AppDelegate.swift in Sources */ = {isa = PBXBuildFile; fileRef = 593944DA2444537E004EA854 /* AppDelegate.swift */; };
		593944DD2444537E004EA854 /* SceneDelegate.swift in Sources */ = {isa = PBXBuildFile; fileRef = 593944DC2444537E004EA854 /* SceneDelegate.swift */; };
		593944DF2444537E004EA854 /* ContentView.swift in Sources */ = {isa = PBXBuildFile; fileRef = 593944DE2444537E004EA854 /* ContentView.swift */; };
		593944E124445381004EA854 /* Assets.xcassets in Resources */ = {isa = PBXBuildFile; fileRef = 593944E024445381004EA854 /* Assets.xcassets */; };
		593944E424445381004EA854 /* Preview Assets.xcassets in Resources */ = {isa = PBXBuildFile; fileRef = 593944E324445381004EA854 /* Preview Assets.xcassets */; };
		593944E724445381004EA854 /* LaunchScreen.storyboard in Resources */ = {isa = PBXBuildFile; fileRef = 593944E524445381004EA854 /* LaunchScreen.storyboard */; };
		593944EF24445FE4004EA854 /* YuruttoTownIntroView.swift in Sources */ = {isa = PBXBuildFile; fileRef = 593944EE24445FE4004EA854 /* YuruttoTownIntroView.swift */; };
		593944F1244472E8004EA854 /* jf-openhuninn-1.0.ttf in Resources */ = {isa = PBXBuildFile; fileRef = 593944F0244472E8004EA854 /* jf-openhuninn-1.0.ttf */; };
		593944F524447FF6004EA854 /* CharacterRow.swift in Sources */ = {isa = PBXBuildFile; fileRef = 593944F424447FF6004EA854 /* CharacterRow.swift */; };
		593944F7244485B2004EA854 /* CharacterList.swift in Sources */ = {isa = PBXBuildFile; fileRef = 593944F6244485B2004EA854 /* CharacterList.swift */; };
		593944F92444862C004EA854 /* Character.swift in Sources */ = {isa = PBXBuildFile; fileRef = 593944F82444862C004EA854 /* Character.swift */; };
		593944FB24448B6C004EA854 /* Data.swift in Sources */ = {isa = PBXBuildFile; fileRef = 593944FA24448B6C004EA854 /* Data.swift */; };
		593944FD244492A9004EA854 /* CharacterDetail.swift in Sources */ = {isa = PBXBuildFile; fileRef = 593944FC244492A9004EA854 /* CharacterDetail.swift */; };
		593944FF244498F7004EA854 /* AppView.swift in Sources */ = {isa = PBXBuildFile; fileRef = 593944FE244498F7004EA854 /* AppView.swift */; };
/* End PBXBuildFile section */

/* Begin PBXFileReference section */
		593944D72444537E004EA854 /* smallAnimalStoryBook.app */ = {isa = PBXFileReference; explicitFileType = wrapper.application; includeInIndex = 0; path = smallAnimalStoryBook.app; sourceTree = BUILT_PRODUCTS_DIR; };
		593944DA2444537E004EA854 /* AppDelegate.swift */ = {isa = PBXFileReference; lastKnownFileType = sourcecode.swift; path = AppDelegate.swift; sourceTree = "<group>"; };
		593944DC2444537E004EA854 /* SceneDelegate.swift */ = {isa = PBXFileReference; lastKnownFileType = sourcecode.swift; path = SceneDelegate.swift; sourceTree = "<group>"; };
		593944DE2444537E004EA854 /* ContentView.swift */ = {isa = PBXFileReference; lastKnownFileType = sourcecode.swift; path = ContentView.swift; sourceTree = "<group>"; };
		593944E024445381004EA854 /* Assets.xcassets */ = {isa = PBXFileReference; lastKnownFileType = folder.assetcatalog; path = Assets.xcassets; sourceTree = "<group>"; };
		593944E324445381004EA854 /* Preview Assets.xcassets */ = {isa = PBXFileReference; lastKnownFileType = folder.assetcatalog; path = "Preview Assets.xcassets"; sourceTree = "<group>"; };
		593944E624445381004EA854 /* Base */ = {isa = PBXFileReference; lastKnownFileType = file.storyboard; name = Base; path = Base.lproj/LaunchScreen.storyboard; sourceTree = "<group>"; };
		593944E824445381004EA854 /* Info.plist */ = {isa = PBXFileReference; lastKnownFileType = text.plist.xml; path = Info.plist; sourceTree = "<group>"; };
		593944EE24445FE4004EA854 /* YuruttoTownIntroView.swift */ = {isa = PBXFileReference; lastKnownFileType = sourcecode.swift; path = YuruttoTownIntroView.swift; sourceTree = "<group>"; };
		593944F0244472E8004EA854 /* jf-openhuninn-1.0.ttf */ = {isa = PBXFileReference; lastKnownFileType = file; path = "jf-openhuninn-1.0.ttf"; sourceTree = "<group>"; };
		593944F424447FF6004EA854 /* CharacterRow.swift */ = {isa = PBXFileReference; lastKnownFileType = sourcecode.swift; path = CharacterRow.swift; sourceTree = "<group>"; };
		593944F6244485B2004EA854 /* CharacterList.swift */ = {isa = PBXFileReference; lastKnownFileType = sourcecode.swift; path = CharacterList.swift; sourceTree = "<group>"; };
		593944F82444862C004EA854 /* Character.swift */ = {isa = PBXFileReference; lastKnownFileType = sourcecode.swift; path = Character.swift; sourceTree = "<group>"; };
		593944FA24448B6C004EA854 /* Data.swift */ = {isa = PBXFileReference; lastKnownFileType = sourcecode.swift; path = Data.swift; sourceTree = "<group>"; };
		593944FC244492A9004EA854 /* CharacterDetail.swift */ = {isa = PBXFileReference; lastKnownFileType = sourcecode.swift; path = CharacterDetail.swift; sourceTree = "<group>"; };
		593944FE244498F7004EA854 /* AppView.swift */ = {isa = PBXFileReference; lastKnownFileType = sourcecode.swift; path = AppView.swift; sourceTree = "<group>"; };
/* End PBXFileReference section */

/* Begin PBXFrameworksBuildPhase section */
		593944D42444537E004EA854 /* Frameworks */ = {
			isa = PBXFrameworksBuildPhase;
			buildActionMask = 2147483647;
			files = (
			);
			runOnlyForDeploymentPostprocessing = 0;
		};
/* End PBXFrameworksBuildPhase section */

/* Begin PBXGroup section */
		593944CE2444537E004EA854 = {
			isa = PBXGroup;
			children = (
				593944D92444537E004EA854 /* smallAnimalStoryBook */,
				593944D82444537E004EA854 /* Products */,
			);
			sourceTree = "<group>";
		};
		593944D82444537E004EA854 /* Products */ = {
			isa = PBXGroup;
			children = (
				593944D72444537E004EA854 /* smallAnimalStoryBook.app */,
			);
			name = Products;
			sourceTree = "<group>";
		};
		593944D92444537E004EA854 /* smallAnimalStoryBook */ = {
			isa = PBXGroup;
			children = (
				593944F424447FF6004EA854 /* CharacterRow.swift */,
				593944FA24448B6C004EA854 /* Data.swift */,
				593944F6244485B2004EA854 /* CharacterList.swift */,
				593944FC244492A9004EA854 /* CharacterDetail.swift */,
				593944F82444862C004EA854 /* Character.swift */,
				593944F0244472E8004EA854 /* jf-openhuninn-1.0.ttf */,
				593944DA2444537E004EA854 /* AppDelegate.swift */,
				593944DC2444537E004EA854 /* SceneDelegate.swift */,
				593944DE2444537E004EA854 /* ContentView.swift */,
				593944FE244498F7004EA854 /* AppView.swift */,
				593944EE24445FE4004EA854 /* YuruttoTownIntroView.swift */,
				593944E024445381004EA854 /* Assets.xcassets */,
				593944E524445381004EA854 /* LaunchScreen.storyboard */,
				593944E824445381004EA854 /* Info.plist */,
				593944E224445381004EA854 /* Preview Content */,
			);
			path = smallAnimalStoryBook;
			sourceTree = "<group>";
		};
		593944E224445381004EA854 /* Preview Content */ = {
			isa = PBXGroup;
			children = (
				593944E324445381004EA854 /* Preview Assets.xcassets */,
			);
			path = "Preview Content";
			sourceTree = "<group>";
		};
/* End PBXGroup section */

/* Begin PBXNativeTarget section */
		593944D62444537E004EA854 /* smallAnimalStoryBook */ = {
			isa = PBXNativeTarget;
			buildConfigurationList = 593944EB24445381004EA854 /* Build configuration list for PBXNativeTarget "smallAnimalStoryBook" */;
			buildPhases = (
				593944D32444537E004EA854 /* Sources */,
				593944D42444537E004EA854 /* Frameworks */,
				593944D52444537E004EA854 /* Resources */,
			);
			buildRules = (
			);
			dependencies = (
			);
			name = smallAnimalStoryBook;
			productName = smallAnimalStoryBook;
			productReference = 593944D72444537E004EA854 /* smallAnimalStoryBook.app */;
			productType = "com.apple.product-type.application";
		};
/* End PBXNativeTarget section */

/* Begin PBXProject section */
		593944CF2444537E004EA854 /* Project object */ = {
			isa = PBXProject;
			attributes = {
				LastSwiftUpdateCheck = 1130;
				LastUpgradeCheck = 1130;
				ORGANIZATIONNAME = bc;
				TargetAttributes = {
					593944D62444537E004EA854 = {
						CreatedOnToolsVersion = 11.3.1;
					};
				};
			};
			buildConfigurationList = 593944D22444537E004EA854 /* Build configuration list for PBXProject "smallAnimalStoryBook" */;
			compatibilityVersion = "Xcode 9.3";
			developmentRegion = en;
			hasScannedForEncodings = 0;
			knownRegions = (
				en,
				Base,
			);
			mainGroup = 593944CE2444537E004EA854;
			productRefGroup = 593944D82444537E004EA854 /* Products */;
			projectDirPath = "";
			projectRoot = "";
			targets = (
				593944D62444537E004EA854 /* smallAnimalStoryBook */,
			);
		};
/* End PBXProject section */

/* Begin PBXResourcesBuildPhase section */
		593944D52444537E004EA854 /* Resources */ = {
			isa = PBXResourcesBuildPhase;
			buildActionMask = 2147483647;
			files = (
				593944F1244472E8004EA854 /* jf-openhuninn-1.0.ttf in Resources */,
				593944E724445381004EA854 /* LaunchScreen.storyboard in Resources */,
				593944E424445381004EA854 /* Preview Assets.xcassets in Resources */,
				593944E124445381004EA854 /* Assets.xcassets in Resources */,
			);
			runOnlyForDeploymentPostprocessing = 0;
		};
/* End PBXResourcesBuildPhase section */

/* Begin PBXSourcesBuildPhase section */
		593944D32444537E004EA854 /* Sources */ = {
			isa = PBXSourcesBuildPhase;
			buildActionMask = 2147483647;
			files = (
				593944FD244492A9004EA854 /* CharacterDetail.swift in Sources */,
				593944F524447FF6004EA854 /* CharacterRow.swift in Sources */,
				593944EF24445FE4004EA854 /* YuruttoTownIntroView.swift in Sources */,
				593944F92444862C004EA854 /* Character.swift in Sources */,
				593944DB2444537E004EA854 /* AppDelegate.swift in Sources */,
				593944F7244485B2004EA854 /* CharacterList.swift in Sources */,
				593944DD2444537E004EA854 /* SceneDelegate.swift in Sources */,
				593944DF2444537E004EA854 /* ContentView.swift in Sources */,
				593944FF244498F7004EA854 /* AppView.swift in Sources */,
				593944FB24448B6C004EA854 /* Data.swift in Sources */,
			);
			runOnlyForDeploymentPostprocessing = 0;
		};
/* End PBXSourcesBuildPhase section */

/* Begin PBXVariantGroup section */
		593944E524445381004EA854 /* LaunchScreen.storyboard */ = {
			isa = PBXVariantGroup;
			children = (
				593944E624445381004EA854 /* Base */,
			);
			name = LaunchScreen.storyboard;
			sourceTree = "<group>";
		};
/* End PBXVariantGroup section */

/* Begin XCBuildConfiguration section */
		593944E924445381004EA854 /* Debug */ = {
			isa = XCBuildConfiguration;
			buildSettings = {
				ALWAYS_SEARCH_USER_PATHS = NO;
				CLANG_ANALYZER_NONNULL = YES;
				CLANG_ANALYZER_NUMBER_OBJECT_CONVERSION = YES_AGGRESSIVE;
				CLANG_CXX_LANGUAGE_STANDARD = "gnu++14";
				CLANG_CXX_LIBRARY = "libc++";
				CLANG_ENABLE_MODULES = YES;
				CLANG_ENABLE_OBJC_ARC = YES;
				CLANG_ENABLE_OBJC_WEAK = YES;
				CLANG_WARN_BLOCK_CAPTURE_AUTORELEASING = YES;
				CLANG_WARN_BOOL_CONVERSION = YES;
				CLANG_WARN_COMMA = YES;
				CLANG_WARN_CONSTANT_CONVERSION = YES;
				CLANG_WARN_DEPRECATED_OBJC_IMPLEMENTATIONS = YES;
				CLANG_WARN_DIRECT_OBJC_ISA_USAGE = YES_ERROR;
				CLANG_WARN_DOCUMENTATION_COMMENTS = YES;
				CLANG_WARN_EMPTY_BODY = YES;
				CLANG_WARN_ENUM_CONVERSION = YES;
				CLANG_WARN_INFINITE_RECURSION = YES;
				CLANG_WARN_INT_CONVERSION = YES;
				CLANG_WARN_NON_LITERAL_NULL_CONVERSION = YES;
				CLANG_WARN_OBJC_IMPLICIT_RETAIN_SELF = YES;
				CLANG_WARN_OBJC_LITERAL_CONVERSION = YES;
				CLANG_WARN_OBJC_ROOT_CLASS = YES_ERROR;
				CLANG_WARN_RANGE_LOOP_ANALYSIS = YES;
				CLANG_WARN_STRICT_PROTOTYPES = YES;
				CLANG_WARN_SUSPICIOUS_MOVE = YES;
				CLANG_WARN_UNGUARDED_AVAILABILITY = YES_AGGRESSIVE;
				CLANG_WARN_UNREACHABLE_CODE = YES;
				CLANG_WARN__DUPLICATE_METHOD_MATCH = YES;
				COPY_PHASE_STRIP = NO;
				DEBUG_INFORMATION_FORMAT = dwarf;
				ENABLE_STRICT_OBJC_MSGSEND = YES;
				ENABLE_TESTABILITY = YES;
				GCC_C_LANGUAGE_STANDARD = gnu11;
				GCC_DYNAMIC_NO_PIC = NO;
				GCC_NO_COMMON_BLOCKS = YES;
				GCC_OPTIMIZATION_LEVEL = 0;
				GCC_PREPROCESSOR_DEFINITIONS = (
					"DEBUG=1",
					"$(inherited)",
				);
				GCC_WARN_64_TO_32_BIT_CONVERSION = YES;
				GCC_WARN_ABOUT_RETURN_TYPE = YES_ERROR;
				GCC_WARN_UNDECLARED_SELECTOR = YES;
				GCC_WARN_UNINITIALIZED_AUTOS = YES_AGGRESSIVE;
				GCC_WARN_UNUSED_FUNCTION = YES;
				GCC_WARN_UNUSED_VARIABLE = YES;
				IPHONEOS_DEPLOYMENT_TARGET = 13.2;
				MTL_ENABLE_DEBUG_INFO = INCLUDE_SOURCE;
				MTL_FAST_MATH = YES;
				ONLY_ACTIVE_ARCH = YES;
				SDKROOT = iphoneos;
				SWIFT_ACTIVE_COMPILATION_CONDITIONS = DEBUG;
				SWIFT_OPTIMIZATION_LEVEL = "-Onone";
			};
			name = Debug;
		};
		593944EA24445381004EA854 /* Release */ = {
			isa = XCBuildConfiguration;
			buildSettings = {
				ALWAYS_SEARCH_USER_PATHS = NO;
				CLANG_ANALYZER_NONNULL = YES;
				CLANG_ANALYZER_NUMBER_OBJECT_CONVERSION = YES_AGGRESSIVE;
				CLANG_CXX_LANGUAGE_STANDARD = "gnu++14";
				CLANG_CXX_LIBRARY = "libc++";
				CLANG_ENABLE_MODULES = YES;
				CLANG_ENABLE_OBJC_ARC = YES;
				CLANG_ENABLE_OBJC_WEAK = YES;
				CLANG_WARN_BLOCK_CAPTURE_AUTORELEASING = YES;
				CLANG_WARN_BOOL_CONVERSION = YES;
				CLANG_WARN_COMMA = YES;
				CLANG_WARN_CONSTANT_CONVERSION = YES;
				CLANG_WARN_DEPRECATED_OBJC_IMPLEMENTATIONS = YES;
				CLANG_WARN_DIRECT_OBJC_ISA_USAGE = YES_ERROR;
				CLANG_WARN_DOCUMENTATION_COMMENTS = YES;
				CLANG_WARN_EMPTY_BODY = YES;
				CLANG_WARN_ENUM_CONVERSION = YES;
				CLANG_WARN_INFINITE_RECURSION = YES;
				CLANG_WARN_INT_CONVERSION = YES;
				CLANG_WARN_NON_LITERAL_NULL_CONVERSION = YES;
				CLANG_WARN_OBJC_IMPLICIT_RETAIN_SELF = YES;
				CLANG_WARN_OBJC_LITERAL_CONVERSION = YES;
				CLANG_WARN_OBJC_ROOT_CLASS = YES_ERROR;
				CLANG_WARN_RANGE_LOOP_ANALYSIS = YES;
				CLANG_WARN_STRICT_PROTOTYPES = YES;
				CLANG_WARN_SUSPICIOUS_MOVE = YES;
				CLANG_WARN_UNGUARDED_AVAILABILITY = YES_AGGRESSIVE;
				CLANG_WARN_UNREACHABLE_CODE = YES;
				CLANG_WARN__DUPLICATE_METHOD_MATCH = YES;
				COPY_PHASE_STRIP = NO;
				DEBUG_INFORMATION_FORMAT = "dwarf-with-dsym";
				ENABLE_NS_ASSERTIONS = NO;
				ENABLE_STRICT_OBJC_MSGSEND = YES;
				GCC_C_LANGUAGE_STANDARD = gnu11;
				GCC_NO_COMMON_BLOCKS = YES;
				GCC_WARN_64_TO_32_BIT_CONVERSION = YES;
				GCC_WARN_ABOUT_RETURN_TYPE = YES_ERROR;
				GCC_WARN_UNDECLARED_SELECTOR = YES;
				GCC_WARN_UNINITIALIZED_AUTOS = YES_AGGRESSIVE;
				GCC_WARN_UNUSED_FUNCTION = YES;
				GCC_WARN_UNUSED_VARIABLE = YES;
				IPHONEOS_DEPLOYMENT_TARGET = 13.2;
				MTL_ENABLE_DEBUG_INFO = NO;
				MTL_FAST_MATH = YES;
				SDKROOT = iphoneos;
				SWIFT_COMPILATION_MODE = wholemodule;
				SWIFT_OPTIMIZATION_LEVEL = "-O";
				VALIDATE_PRODUCT = YES;
			};
			name = Release;
		};
		593944EC24445381004EA854 /* Debug */ = {
			isa = XCBuildConfiguration;
			buildSettings = {
				ASSETCATALOG_COMPILER_APPICON_NAME = AppIcon;
				CODE_SIGN_STYLE = Automatic;
				DEVELOPMENT_ASSET_PATHS = "\"smallAnimalStoryBook/Preview Content\"";
				ENABLE_PREVIEWS = YES;
				INFOPLIST_FILE = smallAnimalStoryBook/Info.plist;
				LD_RUNPATH_SEARCH_PATHS = (
					"$(inherited)",
					"@executable_path/Frameworks",
				);
				PRODUCT_BUNDLE_IDENTIFIER = bc.smallAnimalStoryBook;
				PRODUCT_NAME = "$(TARGET_NAME)";
				SWIFT_VERSION = 5.0;
				TARGETED_DEVICE_FAMILY = "1,2";
			};
			name = Debug;
		};
		593944ED24445381004EA854 /* Release */ = {
			isa = XCBuildConfiguration;
			buildSettings = {
				ASSETCATALOG_COMPILER_APPICON_NAME = AppIcon;
				CODE_SIGN_STYLE = Automatic;
				DEVELOPMENT_ASSET_PATHS = "\"smallAnimalStoryBook/Preview Content\"";
				ENABLE_PREVIEWS = YES;
				INFOPLIST_FILE = smallAnimalStoryBook/Info.plist;
				LD_RUNPATH_SEARCH_PATHS = (
					"$(inherited)",
					"@executable_path/Frameworks",
				);
				PRODUCT_BUNDLE_IDENTIFIER = bc.smallAnimalStoryBook;
				PRODUCT_NAME = "$(TARGET_NAME)";
				SWIFT_VERSION = 5.0;
				TARGETED_DEVICE_FAMILY = "1,2";
			};
			name = Release;
		};
/* End XCBuildConfiguration section */

/* Begin XCConfigurationList section */
		593944D22444537E004EA854 /* Build configuration list for PBXProject "smallAnimalStoryBook" */ = {
			isa = XCConfigurationList;
			buildConfigurations = (
				593944E924445381004EA854 /* Debug */,
				593944EA24445381004EA854 /* Release */,
			);
			defaultConfigurationIsVisible = 0;
			defaultConfigurationName = Release;
		};
		593944EB24445381004EA854 /* Build configuration list for PBXNativeTarget "smallAnimalStoryBook" */ = {
			isa = XCConfigurationList;
			buildConfigurations = (
				593944EC24445381004EA854 /* Debug */,
				593944ED24445381004EA854 /* Release */,
			);
			defaultConfigurationIsVisible = 0;
			defaultConfigurationName = Release;
		};
/* End XCConfigurationList section */
	};
	rootObject = 593944CF2444537E004EA854 /* Project object */;
}
